// !$*UTF8*$!
{
	archiveVersion = 1;
	classes = {
	};
	objectVersion = 55;
	objects = {

/* Begin PBXBuildFile section */
		C16106752772269200B6740C /* AppDelegate.swift in Sources */ = {isa = PBXBuildFile; fileRef = C16106742772269200B6740C /* AppDelegate.swift */; };
		C16106772772269200B6740C /* SceneDelegate.swift in Sources */ = {isa = PBXBuildFile; fileRef = C16106762772269200B6740C /* SceneDelegate.swift */; };
		C16106792772269200B6740C /* TableViewController.swift in Sources */ = {isa = PBXBuildFile; fileRef = C16106782772269200B6740C /* TableViewController.swift */; };
		C161067C2772269200B6740C /* Main.storyboard in Resources */ = {isa = PBXBuildFile; fileRef = C161067A2772269200B6740C /* Main.storyboard */; };
		C161067E2772269500B6740C /* Assets.xcassets in Resources */ = {isa = PBXBuildFile; fileRef = C161067D2772269500B6740C /* Assets.xcassets */; };
		C16106812772269500B6740C /* LaunchScreen.storyboard in Resources */ = {isa = PBXBuildFile; fileRef = C161067F2772269500B6740C /* LaunchScreen.storyboard */; };
		C16106892772271F00B6740C /* NetworkManager.swift in Sources */ = {isa = PBXBuildFile; fileRef = C16106882772271F00B6740C /* NetworkManager.swift */; };
		C161068B2772275600B6740C /* TableViewModel.swift in Sources */ = {isa = PBXBuildFile; fileRef = C161068A2772275600B6740C /* TableViewModel.swift */; };
		C16106912772306100B6740C /* Profile.swift in Sources */ = {isa = PBXBuildFile; fileRef = C16106902772306100B6740C /* Profile.swift */; };
		C16106932772307F00B6740C /* DetailViewController.swift in Sources */ = {isa = PBXBuildFile; fileRef = C16106922772307F00B6740C /* DetailViewController.swift */; };
		C1610695277230C700B6740C /* TableViewCell.swift in Sources */ = {isa = PBXBuildFile; fileRef = C1610694277230C700B6740C /* TableViewCell.swift */; };
		C16106992772310D00B6740C /* DetailViewModel.swift in Sources */ = {isa = PBXBuildFile; fileRef = C16106982772310D00B6740C /* DetailViewModel.swift */; };
		C161069B2772313300B6740C /* TableViewCellViewModel.swift in Sources */ = {isa = PBXBuildFile; fileRef = C161069A2772313300B6740C /* TableViewCellViewModel.swift */; };
		C161069D2772318A00B6740C /* TableViewModelType.swift in Sources */ = {isa = PBXBuildFile; fileRef = C161069C2772318A00B6740C /* TableViewModelType.swift */; };
		C161069F277231C400B6740C /* DetailViewModelType.swift in Sources */ = {isa = PBXBuildFile; fileRef = C161069E277231C400B6740C /* DetailViewModelType.swift */; };
		C16106A32772328200B6740C /* TableViewCellViewModelType.swift in Sources */ = {isa = PBXBuildFile; fileRef = C16106A22772328200B6740C /* TableViewCellViewModelType.swift */; };
/* End PBXBuildFile section */

/* Begin PBXFileReference section */
		C16106712772269200B6740C /* MVVM Demo.app */ = {isa = PBXFileReference; explicitFileType = wrapper.application; includeInIndex = 0; path = "MVVM Demo.app"; sourceTree = BUILT_PRODUCTS_DIR; };
		C16106742772269200B6740C /* AppDelegate.swift */ = {isa = PBXFileReference; lastKnownFileType = sourcecode.swift; path = AppDelegate.swift; sourceTree = "<group>"; };
		C16106762772269200B6740C /* SceneDelegate.swift */ = {isa = PBXFileReference; lastKnownFileType = sourcecode.swift; path = SceneDelegate.swift; sourceTree = "<group>"; };
		C16106782772269200B6740C /* TableViewController.swift */ = {isa = PBXFileReference; lastKnownFileType = sourcecode.swift; path = TableViewController.swift; sourceTree = "<group>"; };
		C161067B2772269200B6740C /* Base */ = {isa = PBXFileReference; lastKnownFileType = file.storyboard; name = Base; path = Base.lproj/Main.storyboard; sourceTree = "<group>"; };
		C161067D2772269500B6740C /* Assets.xcassets */ = {isa = PBXFileReference; lastKnownFileType = folder.assetcatalog; path = Assets.xcassets; sourceTree = "<group>"; };
		C16106802772269500B6740C /* Base */ = {isa = PBXFileReference; lastKnownFileType = file.storyboard; name = Base; path = Base.lproj/LaunchScreen.storyboard; sourceTree = "<group>"; };
		C16106822772269500B6740C /* Info.plist */ = {isa = PBXFileReference; lastKnownFileType = text.plist.xml; path = Info.plist; sourceTree = "<group>"; };
		C16106882772271F00B6740C /* NetworkManager.swift */ = {isa = PBXFileReference; lastKnownFileType = sourcecode.swift; path = NetworkManager.swift; sourceTree = "<group>"; };
		C161068A2772275600B6740C /* TableViewModel.swift */ = {isa = PBXFileReference; lastKnownFileType = sourcecode.swift; path = TableViewModel.swift; sourceTree = "<group>"; };
		C16106902772306100B6740C /* Profile.swift */ = {isa = PBXFileReference; lastKnownFileType = sourcecode.swift; path = Profile.swift; sourceTree = "<group>"; };
		C16106922772307F00B6740C /* DetailViewController.swift */ = {isa = PBXFileReference; lastKnownFileType = sourcecode.swift; path = DetailViewController.swift; sourceTree = "<group>"; };
		C1610694277230C700B6740C /* TableViewCell.swift */ = {isa = PBXFileReference; lastKnownFileType = sourcecode.swift; path = TableViewCell.swift; sourceTree = "<group>"; };
		C16106982772310D00B6740C /* DetailViewModel.swift */ = {isa = PBXFileReference; lastKnownFileType = sourcecode.swift; path = DetailViewModel.swift; sourceTree = "<group>"; };
		C161069A2772313300B6740C /* TableViewCellViewModel.swift */ = {isa = PBXFileReference; lastKnownFileType = sourcecode.swift; path = TableViewCellViewModel.swift; sourceTree = "<group>"; };
		C161069C2772318A00B6740C /* TableViewModelType.swift */ = {isa = PBXFileReference; lastKnownFileType = sourcecode.swift; path = TableViewModelType.swift; sourceTree = "<group>"; };
		C161069E277231C400B6740C /* DetailViewModelType.swift */ = {isa = PBXFileReference; lastKnownFileType = sourcecode.swift; path = DetailViewModelType.swift; sourceTree = "<group>"; };
		C16106A22772328200B6740C /* TableViewCellViewModelType.swift */ = {isa = PBXFileReference; lastKnownFileType = sourcecode.swift; path = TableViewCellViewModelType.swift; sourceTree = "<group>"; };
/* End PBXFileReference section */

/* Begin PBXFrameworksBuildPhase section */
		C161066E2772269200B6740C /* Frameworks */ = {
			isa = PBXFrameworksBuildPhase;
			buildActionMask = 2147483647;
			files = (
			);
			runOnlyForDeploymentPostprocessing = 0;
		};
/* End PBXFrameworksBuildPhase section */

/* Begin PBXGroup section */
		C16106682772269200B6740C = {
			isa = PBXGroup;
			children = (
				C16106732772269200B6740C /* MVVM Demo */,
				C16106722772269200B6740C /* Products */,
			);
			sourceTree = "<group>";
		};
		C16106722772269200B6740C /* Products */ = {
			isa = PBXGroup;
			children = (
				C16106712772269200B6740C /* MVVM Demo.app */,
			);
			name = Products;
			sourceTree = "<group>";
		};
		C16106732772269200B6740C /* MVVM Demo */ = {
			isa = PBXGroup;
			children = (
				C16106742772269200B6740C /* AppDelegate.swift */,
				C16106762772269200B6740C /* SceneDelegate.swift */,
				C161068E2772301200B6740C /* Model */,
				C161068F2772301B00B6740C /* Protocols */,
				C161068D27722FFB00B6740C /* ViewModel */,
				C161068C27722FD000B6740C /* View */,
				C161067A2772269200B6740C /* Main.storyboard */,
				C161067D2772269500B6740C /* Assets.xcassets */,
				C161067F2772269500B6740C /* LaunchScreen.storyboard */,
				C16106822772269500B6740C /* Info.plist */,
				C16106882772271F00B6740C /* NetworkManager.swift */,
			);
			path = "MVVM Demo";
			sourceTree = "<group>";
		};
		C161068C27722FD000B6740C /* View */ = {
			isa = PBXGroup;
			children = (
				C16106782772269200B6740C /* TableViewController.swift */,
				C16106922772307F00B6740C /* DetailViewController.swift */,
				C1610694277230C700B6740C /* TableViewCell.swift */,
			);
			path = View;
			sourceTree = "<group>";
		};
		C161068D27722FFB00B6740C /* ViewModel */ = {
			isa = PBXGroup;
			children = (
				C161068A2772275600B6740C /* TableViewModel.swift */,
				C16106982772310D00B6740C /* DetailViewModel.swift */,
				C161069A2772313300B6740C /* TableViewCellViewModel.swift */,
			);
			path = ViewModel;
			sourceTree = "<group>";
		};
		C161068E2772301200B6740C /* Model */ = {
			isa = PBXGroup;
			children = (
				C16106902772306100B6740C /* Profile.swift */,
			);
			path = Model;
			sourceTree = "<group>";
		};
		C161068F2772301B00B6740C /* Protocols */ = {
			isa = PBXGroup;
			children = (
				C161069C2772318A00B6740C /* TableViewModelType.swift */,
				C161069E277231C400B6740C /* DetailViewModelType.swift */,
				C16106A22772328200B6740C /* TableViewCellViewModelType.swift */,
			);
			path = Protocols;
			sourceTree = "<group>";
		};
/* End PBXGroup section */

/* Begin PBXNativeTarget section */
		C16106702772269200B6740C /* MVVM Demo */ = {
			isa = PBXNativeTarget;
			buildConfigurationList = C16106852772269500B6740C /* Build configuration list for PBXNativeTarget "MVVM Demo" */;
			buildPhases = (
				C161066D2772269200B6740C /* Sources */,
				C161066E2772269200B6740C /* Frameworks */,
				C161066F2772269200B6740C /* Resources */,
			);
			buildRules = (
			);
			dependencies = (
			);
			name = "MVVM Demo";
			productName = "MVVM Demo";
			productReference = C16106712772269200B6740C /* MVVM Demo.app */;
			productType = "com.apple.product-type.application";
		};
/* End PBXNativeTarget section */

/* Begin PBXProject section */
		C16106692772269200B6740C /* Project object */ = {
			isa = PBXProject;
			attributes = {
				BuildIndependentTargetsInParallel = 1;
				LastSwiftUpdateCheck = 1300;
				LastUpgradeCheck = 1300;
				TargetAttributes = {
					C16106702772269200B6740C = {
						CreatedOnToolsVersion = 13.0;
					};
				};
			};
			buildConfigurationList = C161066C2772269200B6740C /* Build configuration list for PBXProject "MVVM Demo" */;
			compatibilityVersion = "Xcode 13.0";
			developmentRegion = en;
			hasScannedForEncodings = 0;
			knownRegions = (
				en,
				Base,
			);
			mainGroup = C16106682772269200B6740C;
			productRefGroup = C16106722772269200B6740C /* Products */;
			projectDirPath = "";
			projectRoot = "";
			targets = (
				C16106702772269200B6740C /* MVVM Demo */,
			);
		};
/* End PBXProject section */

/* Begin PBXResourcesBuildPhase section */
		C161066F2772269200B6740C /* Resources */ = {
			isa = PBXResourcesBuildPhase;
			buildActionMask = 2147483647;
			files = (
				C16106812772269500B6740C /* LaunchScreen.storyboard in Resources */,
				C161067E2772269500B6740C /* Assets.xcassets in Resources */,
				C161067C2772269200B6740C /* Main.storyboard in Resources */,
			);
			runOnlyForDeploymentPostprocessing = 0;
		};
/* End PBXResourcesBuildPhase section */

/* Begin PBXSourcesBuildPhase section */
		C161066D2772269200B6740C /* Sources */ = {
			isa = PBXSourcesBuildPhase;
			buildActionMask = 2147483647;
			files = (
				C16106A32772328200B6740C /* TableViewCellViewModelType.swift in Sources */,
				C161069B2772313300B6740C /* TableViewCellViewModel.swift in Sources */,
				C161069D2772318A00B6740C /* TableViewModelType.swift in Sources */,
				C161068B2772275600B6740C /* TableViewModel.swift in Sources */,
				C1610695277230C700B6740C /* TableViewCell.swift in Sources */,
				C16106912772306100B6740C /* Profile.swift in Sources */,
				C16106892772271F00B6740C /* NetworkManager.swift in Sources */,
				C16106992772310D00B6740C /* DetailViewModel.swift in Sources */,
				C16106792772269200B6740C /* TableViewController.swift in Sources */,
				C16106752772269200B6740C /* AppDelegate.swift in Sources */,
				C161069F277231C400B6740C /* DetailViewModelType.swift in Sources */,
				C16106772772269200B6740C /* SceneDelegate.swift in Sources */,
				C16106932772307F00B6740C /* DetailViewController.swift in Sources */,
			);
			runOnlyForDeploymentPostprocessing = 0;
		};
/* End PBXSourcesBuildPhase section */

/* Begin PBXVariantGroup section */
		C161067A2772269200B6740C /* Main.storyboard */ = {
			isa = PBXVariantGroup;
			children = (
				C161067B2772269200B6740C /* Base */,
			);
			name = Main.storyboard;
			sourceTree = "<group>";
		};
		C161067F2772269500B6740C /* LaunchScreen.storyboard */ = {
			isa = PBXVariantGroup;
			children = (
				C16106802772269500B6740C /* Base */,
			);
			name = LaunchScreen.storyboard;
			sourceTree = "<group>";
		};
/* End PBXVariantGroup section */

/* Begin XCBuildConfiguration section */
		C16106832772269500B6740C /* Debug */ = {
			isa = XCBuildConfiguration;
			buildSettings = {
				ALWAYS_SEARCH_USER_PATHS = NO;
				CLANG_ANALYZER_NONNULL = YES;
				CLANG_ANALYZER_NUMBER_OBJECT_CONVERSION = YES_AGGRESSIVE;
				CLANG_CXX_LANGUAGE_STANDARD = "gnu++17";
				CLANG_CXX_LIBRARY = "libc++";
				CLANG_ENABLE_MODULES = YES;
				CLANG_ENABLE_OBJC_ARC = YES;
				CLANG_ENABLE_OBJC_WEAK = YES;
				CLANG_WARN_BLOCK_CAPTURE_AUTORELEASING = YES;
				CLANG_WARN_BOOL_CONVERSION = YES;
				CLANG_WARN_COMMA = YES;
				CLANG_WARN_CONSTANT_CONVERSION = YES;
				CLANG_WARN_DEPRECATED_OBJC_IMPLEMENTATIONS = YES;
				CLANG_WARN_DIRECT_OBJC_ISA_USAGE = YES_ERROR;
				CLANG_WARN_DOCUMENTATION_COMMENTS = YES;
				CLANG_WARN_EMPTY_BODY = YES;
				CLANG_WARN_ENUM_CONVERSION = YES;
				CLANG_WARN_INFINITE_RECURSION = YES;
				CLANG_WARN_INT_CONVERSION = YES;
				CLANG_WARN_NON_LITERAL_NULL_CONVERSION = YES;
				CLANG_WARN_OBJC_IMPLICIT_RETAIN_SELF = YES;
				CLANG_WARN_OBJC_LITERAL_CONVERSION = YES;
				CLANG_WARN_OBJC_ROOT_CLASS = YES_ERROR;
				CLANG_WARN_QUOTED_INCLUDE_IN_FRAMEWORK_HEADER = YES;
				CLANG_WARN_RANGE_LOOP_ANALYSIS = YES;
				CLANG_WARN_STRICT_PROTOTYPES = YES;
				CLANG_WARN_SUSPICIOUS_MOVE = YES;
				CLANG_WARN_UNGUARDED_AVAILABILITY = YES_AGGRESSIVE;
				CLANG_WARN_UNREACHABLE_CODE = YES;
				CLANG_WARN__DUPLICATE_METHOD_MATCH = YES;
				COPY_PHASE_STRIP = NO;
				DEBUG_INFORMATION_FORMAT = dwarf;
				ENABLE_STRICT_OBJC_MSGSEND = YES;
				ENABLE_TESTABILITY = YES;
				GCC_C_LANGUAGE_STANDARD = gnu11;
				GCC_DYNAMIC_NO_PIC = NO;
				GCC_NO_COMMON_BLOCKS = YES;
				GCC_OPTIMIZATION_LEVEL = 0;
				GCC_PREPROCESSOR_DEFINITIONS = (
					"DEBUG=1",
					"$(inherited)",
				);
				GCC_WARN_64_TO_32_BIT_CONVERSION = YES;
				GCC_WARN_ABOUT_RETURN_TYPE = YES_ERROR;
				GCC_WARN_UNDECLARED_SELECTOR = YES;
				GCC_WARN_UNINITIALIZED_AUTOS = YES_AGGRESSIVE;
				GCC_WARN_UNUSED_FUNCTION = YES;
				GCC_WARN_UNUSED_VARIABLE = YES;
				IPHONEOS_DEPLOYMENT_TARGET = 15.0;
				MTL_ENABLE_DEBUG_INFO = INCLUDE_SOURCE;
				MTL_FAST_MATH = YES;
				ONLY_ACTIVE_ARCH = YES;
				SDKROOT = iphoneos;
				SWIFT_ACTIVE_COMPILATION_CONDITIONS = DEBUG;
				SWIFT_OPTIMIZATION_LEVEL = "-Onone";
			};
			name = Debug;
		};
		C16106842772269500B6740C /* Release */ = {
			isa = XCBuildConfiguration;
			buildSettings = {
				ALWAYS_SEARCH_USER_PATHS = NO;
				CLANG_ANALYZER_NONNULL = YES;
				CLANG_ANALYZER_NUMBER_OBJECT_CONVERSION = YES_AGGRESSIVE;
				CLANG_CXX_LANGUAGE_STANDARD = "gnu++17";
				CLANG_CXX_LIBRARY = "libc++";
				CLANG_ENABLE_MODULES = YES;
				CLANG_ENABLE_OBJC_ARC = YES;
				CLANG_ENABLE_OBJC_WEAK = YES;
				CLANG_WARN_BLOCK_CAPTURE_AUTORELEASING = YES;
				CLANG_WARN_BOOL_CONVERSION = YES;
				CLANG_WARN_COMMA = YES;
				CLANG_WARN_CONSTANT_CONVERSION = YES;
				CLANG_WARN_DEPRECATED_OBJC_IMPLEMENTATIONS = YES;
				CLANG_WARN_DIRECT_OBJC_ISA_USAGE = YES_ERROR;
				CLANG_WARN_DOCUMENTATION_COMMENTS = YES;
				CLANG_WARN_EMPTY_BODY = YES;
				CLANG_WARN_ENUM_CONVERSION = YES;
				CLANG_WARN_INFINITE_RECURSION = YES;
				CLANG_WARN_INT_CONVERSION = YES;
				CLANG_WARN_NON_LITERAL_NULL_CONVERSION = YES;
				CLANG_WARN_OBJC_IMPLICIT_RETAIN_SELF = YES;
				CLANG_WARN_OBJC_LITERAL_CONVERSION = YES;
				CLANG_WARN_OBJC_ROOT_CLASS = YES_ERROR;
				CLANG_WARN_QUOTED_INCLUDE_IN_FRAMEWORK_HEADER = YES;
				CLANG_WARN_RANGE_LOOP_ANALYSIS = YES;
				CLANG_WARN_STRICT_PROTOTYPES = YES;
				CLANG_WARN_SUSPICIOUS_MOVE = YES;
				CLANG_WARN_UNGUARDED_AVAILABILITY = YES_AGGRESSIVE;
				CLANG_WARN_UNREACHABLE_CODE = YES;
				CLANG_WARN__DUPLICATE_METHOD_MATCH = YES;
				COPY_PHASE_STRIP = NO;
				DEBUG_INFORMATION_FORMAT = "dwarf-with-dsym";
				ENABLE_NS_ASSERTIONS = NO;
				ENABLE_STRICT_OBJC_MSGSEND = YES;
				GCC_C_LANGUAGE_STANDARD = gnu11;
				GCC_NO_COMMON_BLOCKS = YES;
				GCC_WARN_64_TO_32_BIT_CONVERSION = YES;
				GCC_WARN_ABOUT_RETURN_TYPE = YES_ERROR;
				GCC_WARN_UNDECLARED_SELECTOR = YES;
				GCC_WARN_UNINITIALIZED_AUTOS = YES_AGGRESSIVE;
				GCC_WARN_UNUSED_FUNCTION = YES;
				GCC_WARN_UNUSED_VARIABLE = YES;
				IPHONEOS_DEPLOYMENT_TARGET = 15.0;
				MTL_ENABLE_DEBUG_INFO = NO;
				MTL_FAST_MATH = YES;
				SDKROOT = iphoneos;
				SWIFT_COMPILATION_MODE = wholemodule;
				SWIFT_OPTIMIZATION_LEVEL = "-O";
				VALIDATE_PRODUCT = YES;
			};
			name = Release;
		};
		C16106862772269500B6740C /* Debug */ = {
			isa = XCBuildConfiguration;
			buildSettings = {
				ASSETCATALOG_COMPILER_APPICON_NAME = AppIcon;
				ASSETCATALOG_COMPILER_GLOBAL_ACCENT_COLOR_NAME = AccentColor;
				CODE_SIGN_STYLE = Automatic;
				CURRENT_PROJECT_VERSION = 1;
				DEVELOPMENT_TEAM = V3933YHTS3;
				GENERATE_INFOPLIST_FILE = YES;
				INFOPLIST_FILE = "MVVM Demo/Info.plist";
				INFOPLIST_KEY_UIApplicationSupportsIndirectInputEvents = YES;
				INFOPLIST_KEY_UILaunchStoryboardName = LaunchScreen;
				INFOPLIST_KEY_UIMainStoryboardFile = Main;
				INFOPLIST_KEY_UISupportedInterfaceOrientations_iPad = "UIInterfaceOrientationPortrait UIInterfaceOrientationPortraitUpsideDown UIInterfaceOrientationLandscapeLeft UIInterfaceOrientationLandscapeRight";
				INFOPLIST_KEY_UISupportedInterfaceOrientations_iPhone = "UIInterfaceOrientationPortrait UIInterfaceOrientationLandscapeLeft UIInterfaceOrientationLandscapeRight";
				LD_RUNPATH_SEARCH_PATHS = (
					"$(inherited)",
					"@executable_path/Frameworks",
				);
				MARKETING_VERSION = 1.0;
				PRODUCT_BUNDLE_IDENTIFIER = "Vadimtyt.MVVMDemo.MVVM-Demo";
				PRODUCT_NAME = "$(TARGET_NAME)";
				SWIFT_EMIT_LOC_STRINGS = YES;
				SWIFT_VERSION = 5.0;
				TARGETED_DEVICE_FAMILY = "1,2";
			};
			name = Debug;
		};
		C16106872772269500B6740C /* Release */ = {
			isa = XCBuildConfiguration;
			buildSettings = {
				ASSETCATALOG_COMPILER_APPICON_NAME = AppIcon;
				ASSETCATALOG_COMPILER_GLOBAL_ACCENT_COLOR_NAME = AccentColor;
				CODE_SIGN_STYLE = Automatic;
				CURRENT_PROJECT_VERSION = 1;
				DEVELOPMENT_TEAM = V3933YHTS3;
				GENERATE_INFOPLIST_FILE = YES;
				INFOPLIST_FILE = "MVVM Demo/Info.plist";
				INFOPLIST_KEY_UIApplicationSupportsIndirectInputEvents = YES;
				INFOPLIST_KEY_UILaunchStoryboardName = LaunchScreen;
				INFOPLIST_KEY_UIMainStoryboardFile = Main;
				INFOPLIST_KEY_UISupportedInterfaceOrientations_iPad = "UIInterfaceOrientationPortrait UIInterfaceOrientationPortraitUpsideDown UIInterfaceOrientationLandscapeLeft UIInterfaceOrientationLandscapeRight";
				INFOPLIST_KEY_UISupportedInterfaceOrientations_iPhone = "UIInterfaceOrientationPortrait UIInterfaceOrientationLandscapeLeft UIInterfaceOrientationLandscapeRight";
				LD_RUNPATH_SEARCH_PATHS = (
					"$(inherited)",
					"@executable_path/Frameworks",
				);
				MARKETING_VERSION = 1.0;
				PRODUCT_BUNDLE_IDENTIFIER = "Vadimtyt.MVVMDemo.MVVM-Demo";
				PRODUCT_NAME = "$(TARGET_NAME)";
				SWIFT_EMIT_LOC_STRINGS = YES;
				SWIFT_VERSION = 5.0;
				TARGETED_DEVICE_FAMILY = "1,2";
			};
			name = Release;
		};
/* End XCBuildConfiguration section */

/* Begin XCConfigurationList section */
		C161066C2772269200B6740C /* Build configuration list for PBXProject "MVVM Demo" */ = {
			isa = XCConfigurationList;
			buildConfigurations = (
				C16106832772269500B6740C /* Debug */,
				C16106842772269500B6740C /* Release */,
			);
			defaultConfigurationIsVisible = 0;
			defaultConfigurationName = Release;
		};
		C16106852772269500B6740C /* Build configuration list for PBXNativeTarget "MVVM Demo" */ = {
			isa = XCConfigurationList;
			buildConfigurations = (
				C16106862772269500B6740C /* Debug */,
				C16106872772269500B6740C /* Release */,
			);
			defaultConfigurationIsVisible = 0;
			defaultConfigurationName = Release;
		};
/* End XCConfigurationList section */
	};
	rootObject = C16106692772269200B6740C /* Project object */;
}
